
Microsoft Visual Studio Solution File, Format Version 11.00
# Visual Studio 2010
Project("{FAE04EC0-301F-11D3-BF4B-00C04F79EFBC}") = "Decision Trees", "Decision Trees.csproj", "{67D5F5DD-95D8-4DF3-B4F4-B43A2FCFE02F}"
EndProject
Project("{2150E333-8FDC-42A3-9474-1A3956D46DE8}") = "Элементы решения", "Элементы решения", "{38A8F2BE-386B-429D-9109-F49B7C7B1252}"
	ProjectSection(SolutionItems) = preProject
		Decision Trees.vsd = Decision Trees.vsd
	EndProjectSection
EndProject
Global
	GlobalSection(SolutionConfigurationPlatforms) = preSolution
		Debug|Any CPU = Debug|Any CPU
		Debug|Mixed Platforms = Debug|Mixed Platforms
		Debug|x86 = Debug|x86
		Release|Any CPU = Release|Any CPU
		Release|Mixed Platforms = Release|Mixed Platforms
		Release|x86 = Release|x86
	EndGlobalSection
	GlobalSection(ProjectConfigurationPlatforms) = postSolution
		{67D5F5DD-95D8-4DF3-B4F4-B43A2FCFE02F}.Debug|Any CPU.ActiveCfg = Debug|x86
		{67D5F5DD-95D8-4DF3-B4F4-B43A2FCFE02F}.Debug|Mixed Platforms.ActiveCfg = Debug|x86
		{67D5F5DD-95D8-4DF3-B4F4-B43A2FCFE02F}.Debug|Mixed Platforms.Build.0 = Debug|x86
		{67D5F5DD-95D8-4DF3-B4F4-B43A2FCFE02F}.Debug|x86.ActiveCfg = Debug|x86
		{67D5F5DD-95D8-4DF3-B4F4-B43A2FCFE02F}.Debug|x86.Build.0 = Debug|x86
		{67D5F5DD-95D8-4DF3-B4F4-B43A2FCFE02F}.Release|Any CPU.ActiveCfg = Release|x86
		{67D5F5DD-95D8-4DF3-B4F4-B43A2FCFE02F}.Release|Mixed Platforms.ActiveCfg = Release|x86
		{67D5F5DD-95D8-4DF3-B4F4-B43A2FCFE02F}.Release|Mixed Platforms.Build.0 = Release|x86
		{67D5F5DD-95D8-4DF3-B4F4-B43A2FCFE02F}.Release|x86.ActiveCfg = Release|x86
		{67D5F5DD-95D8-4DF3-B4F4-B43A2FCFE02F}.Release|x86.Build.0 = Release|x86
	EndGlobalSection
	GlobalSection(SolutionProperties) = preSolution
		HideSolutionNode = FALSE
	EndGlobalSection
EndGlobal
